// !$*UTF8*$!
{
	archiveVersion = 1;
	classes = {
	};
	objectVersion = 46;
	objects = {

/* Begin PBXBuildFile section */
		53A119A3163A2672009CD55D /* PlainSettingReader.cpp in Sources */ = {isa = PBXBuildFile; fileRef = 53A119A1163A2672009CD55D /* PlainSettingReader.cpp */; };
		6266053C163B76070014DD2F /* IServerFactory.cpp in Sources */ = {isa = PBXBuildFile; fileRef = 53A119111638FE16009CD55D /* IServerFactory.cpp */; };
		6266053D163B76070014DD2F /* main.cpp in Sources */ = {isa = PBXBuildFile; fileRef = 53A119131638FE16009CD55D /* main.cpp */; };
		6266053E163B76070014DD2F /* PluginHandler.cpp in Sources */ = {isa = PBXBuildFile; fileRef = 53A119151638FE16009CD55D /* PluginHandler.cpp */; };
		6266053F163B76070014DD2F /* PluginManager.cpp in Sources */ = {isa = PBXBuildFile; fileRef = 53A119171638FE16009CD55D /* PluginManager.cpp */; };
		62660540163B76070014DD2F /* ServerConfiguration.cpp in Sources */ = {isa = PBXBuildFile; fileRef = 53A119191638FE16009CD55D /* ServerConfiguration.cpp */; };
		62660541163B76070014DD2F /* ServerInstance.cpp in Sources */ = {isa = PBXBuildFile; fileRef = 53A1191B1638FE16009CD55D /* ServerInstance.cpp */; };
		62660542163B76070014DD2F /* ServerInstanceStub.cpp in Sources */ = {isa = PBXBuildFile; fileRef = 53A1191D1638FE16009CD55D /* ServerInstanceStub.cpp */; };
		62660543163B76070014DD2F /* ServerManager.cpp in Sources */ = {isa = PBXBuildFile; fileRef = 53A1191F1638FE16009CD55D /* ServerManager.cpp */; };
		6266054D163B77760014DD2F /* SenTestingKit.framework in Frameworks */ = {isa = PBXBuildFile; fileRef = 6266054C163B77760014DD2F /* SenTestingKit.framework */; };
		6266054F163B77760014DD2F /* Cocoa.framework in Frameworks */ = {isa = PBXBuildFile; fileRef = 6266054E163B77760014DD2F /* Cocoa.framework */; };
		62660559163B77760014DD2F /* InfoPlist.strings in Resources */ = {isa = PBXBuildFile; fileRef = 62660557163B77760014DD2F /* InfoPlist.strings */; };
		6266055C163B77760014DD2F /* Hypatia_Cocoa_Test.mm in Sources */ = {isa = PBXBuildFile; fileRef = 6266055B163B77760014DD2F /* Hypatia_Cocoa_Test.mm */; };
		62660561163B77870014DD2F /* IServerFactory.cpp in Sources */ = {isa = PBXBuildFile; fileRef = 53A119111638FE16009CD55D /* IServerFactory.cpp */; };
		62660562163B77870014DD2F /* PluginHandler.cpp in Sources */ = {isa = PBXBuildFile; fileRef = 53A119151638FE16009CD55D /* PluginHandler.cpp */; };
		62660563163B77870014DD2F /* PluginManager.cpp in Sources */ = {isa = PBXBuildFile; fileRef = 53A119171638FE16009CD55D /* PluginManager.cpp */; };
		62660564163B77870014DD2F /* ServerConfiguration.cpp in Sources */ = {isa = PBXBuildFile; fileRef = 53A119191638FE16009CD55D /* ServerConfiguration.cpp */; };
		62660565163B77870014DD2F /* ServerInstance.cpp in Sources */ = {isa = PBXBuildFile; fileRef = 53A1191B1638FE16009CD55D /* ServerInstance.cpp */; };
		62660566163B77870014DD2F /* ServerInstanceStub.cpp in Sources */ = {isa = PBXBuildFile; fileRef = 53A1191D1638FE16009CD55D /* ServerInstanceStub.cpp */; };
		62660567163B77870014DD2F /* ServerManager.cpp in Sources */ = {isa = PBXBuildFile; fileRef = 53A1191F1638FE16009CD55D /* ServerManager.cpp */; };
		62660568163B77870014DD2F /* PlainSettingReader.cpp in Sources */ = {isa = PBXBuildFile; fileRef = 53A119A1163A2672009CD55D /* PlainSettingReader.cpp */; };
/* End PBXBuildFile section */

/* Begin PBXCopyFilesBuildPhase section */
		53A9BEDC16267CE2003F5372 /* CopyFiles */ = {
			isa = PBXCopyFilesBuildPhase;
			buildActionMask = 2147483647;
			dstPath = /usr/share/man/man1/;
			dstSubfolderSpec = 0;
			files = (
			);
			runOnlyForDeploymentPostprocessing = 1;
		};
/* End PBXCopyFilesBuildPhase section */

/* Begin PBXFileReference section */
		53A119111638FE16009CD55D /* IServerFactory.cpp */ = {isa = PBXFileReference; lastKnownFileType = sourcecode.cpp.cpp; path = IServerFactory.cpp; sourceTree = "<group>"; };
		53A119121638FE16009CD55D /* IServerFactory.h */ = {isa = PBXFileReference; lastKnownFileType = sourcecode.c.h; path = IServerFactory.h; sourceTree = "<group>"; };
		53A119131638FE16009CD55D /* main.cpp */ = {isa = PBXFileReference; lastKnownFileType = sourcecode.cpp.cpp; path = main.cpp; sourceTree = "<group>"; };
		53A119151638FE16009CD55D /* PluginHandler.cpp */ = {isa = PBXFileReference; lastKnownFileType = sourcecode.cpp.cpp; path = PluginHandler.cpp; sourceTree = "<group>"; };
		53A119161638FE16009CD55D /* PluginHandler.h */ = {isa = PBXFileReference; lastKnownFileType = sourcecode.c.h; path = PluginHandler.h; sourceTree = "<group>"; };
		53A119171638FE16009CD55D /* PluginManager.cpp */ = {isa = PBXFileReference; lastKnownFileType = sourcecode.cpp.cpp; path = PluginManager.cpp; sourceTree = "<group>"; };
		53A119181638FE16009CD55D /* PluginManager.h */ = {isa = PBXFileReference; lastKnownFileType = sourcecode.c.h; path = PluginManager.h; sourceTree = "<group>"; };
		53A119191638FE16009CD55D /* ServerConfiguration.cpp */ = {isa = PBXFileReference; lastKnownFileType = sourcecode.cpp.cpp; path = ServerConfiguration.cpp; sourceTree = "<group>"; };
		53A1191A1638FE16009CD55D /* ServerConfiguration.h */ = {isa = PBXFileReference; lastKnownFileType = sourcecode.c.h; path = ServerConfiguration.h; sourceTree = "<group>"; };
		53A1191B1638FE16009CD55D /* ServerInstance.cpp */ = {isa = PBXFileReference; lastKnownFileType = sourcecode.cpp.cpp; path = ServerInstance.cpp; sourceTree = "<group>"; };
		53A1191C1638FE16009CD55D /* ServerInstance.h */ = {isa = PBXFileReference; lastKnownFileType = sourcecode.c.h; path = ServerInstance.h; sourceTree = "<group>"; };
		53A1191D1638FE16009CD55D /* ServerInstanceStub.cpp */ = {isa = PBXFileReference; lastKnownFileType = sourcecode.cpp.cpp; path = ServerInstanceStub.cpp; sourceTree = "<group>"; };
		53A1191E1638FE16009CD55D /* ServerInstanceStub.h */ = {isa = PBXFileReference; lastKnownFileType = sourcecode.c.h; path = ServerInstanceStub.h; sourceTree = "<group>"; };
		53A1191F1638FE16009CD55D /* ServerManager.cpp */ = {isa = PBXFileReference; lastKnownFileType = sourcecode.cpp.cpp; path = ServerManager.cpp; sourceTree = "<group>"; };
		53A119201638FE16009CD55D /* ServerManager.h */ = {isa = PBXFileReference; lastKnownFileType = sourcecode.c.h; path = ServerManager.h; sourceTree = "<group>"; };
		53A119961638FFEA009CD55D /* ServerConfig.xml */ = {isa = PBXFileReference; lastKnownFileType = text.xml; path = ServerConfig.xml; sourceTree = "<group>"; };
		53A1199716390A98009CD55D /* ServerConfig.setting */ = {isa = PBXFileReference; fileEncoding = 4; lastKnownFileType = text; path = ServerConfig.setting; sourceTree = "<group>"; };
		53A1199816390E3D009CD55D /* Iris1.pse */ = {isa = PBXFileReference; fileEncoding = 4; lastKnownFileType = text; path = Iris1.pse; sourceTree = "<group>"; };
		53A1199F163933E7009CD55D /* Iris2.pse */ = {isa = PBXFileReference; fileEncoding = 4; lastKnownFileType = text; path = Iris2.pse; sourceTree = "<group>"; };
		53A119A016393406009CD55D /* Iris3.pse */ = {isa = PBXFileReference; fileEncoding = 4; lastKnownFileType = text; path = Iris3.pse; sourceTree = "<group>"; };
		53A119A1163A2672009CD55D /* PlainSettingReader.cpp */ = {isa = PBXFileReference; fileEncoding = 4; lastKnownFileType = sourcecode.cpp.cpp; path = PlainSettingReader.cpp; sourceTree = "<group>"; };
		53A119A2163A2672009CD55D /* PlainSettingReader.h */ = {isa = PBXFileReference; fileEncoding = 4; lastKnownFileType = sourcecode.c.h; path = PlainSettingReader.h; sourceTree = "<group>"; };
		53A9BEDE16267CE2003F5372 /* Hypatia */ = {isa = PBXFileReference; explicitFileType = "compiled.mach-o.executable"; includeInIndex = 0; path = Hypatia; sourceTree = BUILT_PRODUCTS_DIR; };
		6266054A163B77760014DD2F /* Hypatia_Cocoa_Test.octest */ = {isa = PBXFileReference; explicitFileType = wrapper.cfbundle; includeInIndex = 0; path = Hypatia_Cocoa_Test.octest; sourceTree = BUILT_PRODUCTS_DIR; };
		6266054C163B77760014DD2F /* SenTestingKit.framework */ = {isa = PBXFileReference; lastKnownFileType = wrapper.framework; name = SenTestingKit.framework; path = Library/Frameworks/SenTestingKit.framework; sourceTree = DEVELOPER_DIR; };
		6266054E163B77760014DD2F /* Cocoa.framework */ = {isa = PBXFileReference; lastKnownFileType = wrapper.framework; name = Cocoa.framework; path = Library/Frameworks/Cocoa.framework; sourceTree = DEVELOPER_DIR; };
		62660551163B77760014DD2F /* AppKit.framework */ = {isa = PBXFileReference; lastKnownFileType = wrapper.framework; name = AppKit.framework; path = Library/Frameworks/AppKit.framework; sourceTree = SDKROOT; };
		62660552163B77760014DD2F /* CoreData.framework */ = {isa = PBXFileReference; lastKnownFileType = wrapper.framework; name = CoreData.framework; path = Library/Frameworks/CoreData.framework; sourceTree = SDKROOT; };
		62660553163B77760014DD2F /* Foundation.framework */ = {isa = PBXFileReference; lastKnownFileType = wrapper.framework; name = Foundation.framework; path = Library/Frameworks/Foundation.framework; sourceTree = SDKROOT; };
		62660556163B77760014DD2F /* Hypatia_Cocoa_Test-Info.plist */ = {isa = PBXFileReference; lastKnownFileType = text.plist.xml; path = "Hypatia_Cocoa_Test-Info.plist"; sourceTree = "<group>"; };
		62660558163B77760014DD2F /* en */ = {isa = PBXFileReference; lastKnownFileType = text.plist.strings; name = en; path = en.lproj/InfoPlist.strings; sourceTree = "<group>"; };
		6266055A163B77760014DD2F /* Hypatia_Cocoa_Test.h */ = {isa = PBXFileReference; lastKnownFileType = sourcecode.c.h; path = Hypatia_Cocoa_Test.h; sourceTree = "<group>"; };
		6266055B163B77760014DD2F /* Hypatia_Cocoa_Test.mm */ = {isa = PBXFileReference; lastKnownFileType = sourcecode.cpp.objcpp; path = Hypatia_Cocoa_Test.mm; sourceTree = "<group>"; };
		6266055D163B77760014DD2F /* Hypatia_Cocoa_Test-Prefix.pch */ = {isa = PBXFileReference; lastKnownFileType = sourcecode.c.h; path = "Hypatia_Cocoa_Test-Prefix.pch"; sourceTree = "<group>"; };
		62FBD7521628BAB900488D84 /* future.hpp */ = {isa = PBXFileReference; lastKnownFileType = sourcecode.cpp.h; path = future.hpp; sourceTree = "<group>"; };
		62FBD7531628BAB900488D84 /* locking_ptr.hpp */ = {isa = PBXFileReference; lastKnownFileType = sourcecode.cpp.h; path = locking_ptr.hpp; sourceTree = "<group>"; };
		62FBD7541628BAB900488D84 /* pool_core.hpp */ = {isa = PBXFileReference; lastKnownFileType = sourcecode.cpp.h; path = pool_core.hpp; sourceTree = "<group>"; };
		62FBD7551628BAB900488D84 /* scope_guard.hpp */ = {isa = PBXFileReference; lastKnownFileType = sourcecode.cpp.h; path = scope_guard.hpp; sourceTree = "<group>"; };
		62FBD7561628BAB900488D84 /* worker_thread.hpp */ = {isa = PBXFileReference; lastKnownFileType = sourcecode.cpp.h; path = worker_thread.hpp; sourceTree = "<group>"; };
		62FBD7571628BAB900488D84 /* future.hpp */ = {isa = PBXFileReference; lastKnownFileType = sourcecode.cpp.h; path = future.hpp; sourceTree = "<group>"; };
		62FBD7581628BAB900488D84 /* pool.hpp */ = {isa = PBXFileReference; lastKnownFileType = sourcecode.cpp.h; path = pool.hpp; sourceTree = "<group>"; };
		62FBD7591628BAB900488D84 /* pool_adaptors.hpp */ = {isa = PBXFileReference; lastKnownFileType = sourcecode.cpp.h; path = pool_adaptors.hpp; sourceTree = "<group>"; };
		62FBD75A1628BAB900488D84 /* scheduling_policies.hpp */ = {isa = PBXFileReference; lastKnownFileType = sourcecode.cpp.h; path = scheduling_policies.hpp; sourceTree = "<group>"; };
		62FBD75B1628BAB900488D84 /* shutdown_policies.hpp */ = {isa = PBXFileReference; lastKnownFileType = sourcecode.cpp.h; path = shutdown_policies.hpp; sourceTree = "<group>"; };
		62FBD75C1628BAB900488D84 /* size_policies.hpp */ = {isa = PBXFileReference; lastKnownFileType = sourcecode.cpp.h; path = size_policies.hpp; sourceTree = "<group>"; };
		62FBD75D1628BAB900488D84 /* task_adaptors.hpp */ = {isa = PBXFileReference; lastKnownFileType = sourcecode.cpp.h; path = task_adaptors.hpp; sourceTree = "<group>"; };
		62FBD75E1628BAB900488D84 /* threadpool.hpp */ = {isa = PBXFileReference; lastKnownFileType = sourcecode.cpp.h; path = threadpool.hpp; sourceTree = "<group>"; };
/* End PBXFileReference section */

/* Begin PBXFrameworksBuildPhase section */
		53A9BEDB16267CE2003F5372 /* Frameworks */ = {
			isa = PBXFrameworksBuildPhase;
			buildActionMask = 2147483647;
			files = (
			);
			runOnlyForDeploymentPostprocessing = 0;
		};
		62660546163B77760014DD2F /* Frameworks */ = {
			isa = PBXFrameworksBuildPhase;
			buildActionMask = 2147483647;
			files = (
				6266054D163B77760014DD2F /* SenTestingKit.framework in Frameworks */,
				6266054F163B77760014DD2F /* Cocoa.framework in Frameworks */,
			);
			runOnlyForDeploymentPostprocessing = 0;
		};
/* End PBXFrameworksBuildPhase section */

/* Begin PBXGroup section */
		53A119101638FE16009CD55D /* Hypatia */ = {
			isa = PBXGroup;
			children = (
				53A119111638FE16009CD55D /* IServerFactory.cpp */,
				53A119121638FE16009CD55D /* IServerFactory.h */,
				53A119131638FE16009CD55D /* main.cpp */,
				53A119151638FE16009CD55D /* PluginHandler.cpp */,
				53A119161638FE16009CD55D /* PluginHandler.h */,
				53A119171638FE16009CD55D /* PluginManager.cpp */,
				53A119181638FE16009CD55D /* PluginManager.h */,
				53A119191638FE16009CD55D /* ServerConfiguration.cpp */,
				53A1191A1638FE16009CD55D /* ServerConfiguration.h */,
				53A1191B1638FE16009CD55D /* ServerInstance.cpp */,
				53A1191C1638FE16009CD55D /* ServerInstance.h */,
				53A1191D1638FE16009CD55D /* ServerInstanceStub.cpp */,
				53A1191E1638FE16009CD55D /* ServerInstanceStub.h */,
				53A1191F1638FE16009CD55D /* ServerManager.cpp */,
				53A119201638FE16009CD55D /* ServerManager.h */,
				53A119A1163A2672009CD55D /* PlainSettingReader.cpp */,
				53A119A2163A2672009CD55D /* PlainSettingReader.h */,
			);
			path = Hypatia;
			sourceTree = SOURCE_ROOT;
		};
		53A119951638FF71009CD55D /* SampleData */ = {
			isa = PBXGroup;
			children = (
				53A119961638FFEA009CD55D /* ServerConfig.xml */,
				53A1199716390A98009CD55D /* ServerConfig.setting */,
				53A1199816390E3D009CD55D /* Iris1.pse */,
				53A1199F163933E7009CD55D /* Iris2.pse */,
				53A119A016393406009CD55D /* Iris3.pse */,
			);
			path = SampleData;
			sourceTree = "<group>";
		};
		53A9BED316267CE2003F5372 = {
			isa = PBXGroup;
			children = (
				53A119951638FF71009CD55D /* SampleData */,
				53A119101638FE16009CD55D /* Hypatia */,
				62FBD74F1628BAB900488D84 /* ThreadPool */,
				62660554163B77760014DD2F /* Hypatia_Cocoa_Test */,
				6266054B163B77760014DD2F /* Frameworks */,
				53A9BEDF16267CE2003F5372 /* Products */,
			);
			sourceTree = "<group>";
		};
		53A9BEDF16267CE2003F5372 /* Products */ = {
			isa = PBXGroup;
			children = (
				53A9BEDE16267CE2003F5372 /* Hypatia */,
				6266054A163B77760014DD2F /* Hypatia_Cocoa_Test.octest */,
			);
			name = Products;
			sourceTree = SOURCE_ROOT;
		};
		6266054B163B77760014DD2F /* Frameworks */ = {
			isa = PBXGroup;
			children = (
				6266054C163B77760014DD2F /* SenTestingKit.framework */,
				6266054E163B77760014DD2F /* Cocoa.framework */,
				62660550163B77760014DD2F /* Other Frameworks */,
			);
			name = Frameworks;
			sourceTree = "<group>";
		};
		62660550163B77760014DD2F /* Other Frameworks */ = {
			isa = PBXGroup;
			children = (
				62660551163B77760014DD2F /* AppKit.framework */,
				62660552163B77760014DD2F /* CoreData.framework */,
				62660553163B77760014DD2F /* Foundation.framework */,
			);
			name = "Other Frameworks";
			sourceTree = "<group>";
		};
		62660554163B77760014DD2F /* Hypatia_Cocoa_Test */ = {
			isa = PBXGroup;
			children = (
				6266055A163B77760014DD2F /* Hypatia_Cocoa_Test.h */,
				6266055B163B77760014DD2F /* Hypatia_Cocoa_Test.mm */,
				62660555163B77760014DD2F /* Supporting Files */,
			);
			path = Hypatia_Cocoa_Test;
			sourceTree = "<group>";
		};
		62660555163B77760014DD2F /* Supporting Files */ = {
			isa = PBXGroup;
			children = (
				62660556163B77760014DD2F /* Hypatia_Cocoa_Test-Info.plist */,
				62660557163B77760014DD2F /* InfoPlist.strings */,
				6266055D163B77760014DD2F /* Hypatia_Cocoa_Test-Prefix.pch */,
			);
			name = "Supporting Files";
			sourceTree = "<group>";
		};
		62FBD74F1628BAB900488D84 /* ThreadPool */ = {
			isa = PBXGroup;
			children = (
				62FBD7501628BAB900488D84 /* threadpool */,
				62FBD75E1628BAB900488D84 /* threadpool.hpp */,
			);
			path = ThreadPool;
			sourceTree = SOURCE_ROOT;
		};
		62FBD7501628BAB900488D84 /* threadpool */ = {
			isa = PBXGroup;
			children = (
				62FBD7511628BAB900488D84 /* detail */,
				62FBD7571628BAB900488D84 /* future.hpp */,
				62FBD7581628BAB900488D84 /* pool.hpp */,
				62FBD7591628BAB900488D84 /* pool_adaptors.hpp */,
				62FBD75A1628BAB900488D84 /* scheduling_policies.hpp */,
				62FBD75B1628BAB900488D84 /* shutdown_policies.hpp */,
				62FBD75C1628BAB900488D84 /* size_policies.hpp */,
				62FBD75D1628BAB900488D84 /* task_adaptors.hpp */,
			);
			path = threadpool;
			sourceTree = "<group>";
		};
		62FBD7511628BAB900488D84 /* detail */ = {
			isa = PBXGroup;
			children = (
				62FBD7521628BAB900488D84 /* future.hpp */,
				62FBD7531628BAB900488D84 /* locking_ptr.hpp */,
				62FBD7541628BAB900488D84 /* pool_core.hpp */,
				62FBD7551628BAB900488D84 /* scope_guard.hpp */,
				62FBD7561628BAB900488D84 /* worker_thread.hpp */,
			);
			path = detail;
			sourceTree = "<group>";
		};
/* End PBXGroup section */

/* Begin PBXNativeTarget section */
		53A9BEDD16267CE2003F5372 /* Hypatia */ = {
			isa = PBXNativeTarget;
			buildConfigurationList = 53A9BEE816267CE2003F5372 /* Build configuration list for PBXNativeTarget "Hypatia" */;
			buildPhases = (
				53A9BEDA16267CE2003F5372 /* Sources */,
				53A9BEDB16267CE2003F5372 /* Frameworks */,
				53A9BEDC16267CE2003F5372 /* CopyFiles */,
			);
			buildRules = (
			);
			dependencies = (
			);
			name = Hypatia;
			productName = MinServer;
			productReference = 53A9BEDE16267CE2003F5372 /* Hypatia */;
			productType = "com.apple.product-type.tool";
		};
		62660549163B77760014DD2F /* Hypatia_Cocoa_Test */ = {
			isa = PBXNativeTarget;
			buildConfigurationList = 6266055E163B77760014DD2F /* Build configuration list for PBXNativeTarget "Hypatia_Cocoa_Test" */;
			buildPhases = (
				62660545163B77760014DD2F /* Sources */,
				62660546163B77760014DD2F /* Frameworks */,
				62660547163B77760014DD2F /* Resources */,
				62660548163B77760014DD2F /* ShellScript */,
			);
			buildRules = (
			);
			dependencies = (
			);
			name = Hypatia_Cocoa_Test;
			productName = Hypatia_Cocoa_Test;
			productReference = 6266054A163B77760014DD2F /* Hypatia_Cocoa_Test.octest */;
			productType = "com.apple.product-type.bundle";
		};
/* End PBXNativeTarget section */

/* Begin PBXProject section */
		53A9BED516267CE2003F5372 /* Project object */ = {
			isa = PBXProject;
			attributes = {
				LastUpgradeCheck = 0450;
				ORGANIZATIONNAME = "Digital Resolve";
			};
			buildConfigurationList = 53A9BED816267CE2003F5372 /* Build configuration list for PBXProject "Hypatia" */;
			compatibilityVersion = "Xcode 3.2";
			developmentRegion = English;
			hasScannedForEncodings = 0;
			knownRegions = (
				en,
			);
			mainGroup = 53A9BED316267CE2003F5372;
			productRefGroup = 53A9BEDF16267CE2003F5372 /* Products */;
			projectDirPath = "";
			projectRoot = "";
			targets = (
				53A9BEDD16267CE2003F5372 /* Hypatia */,
				62660549163B77760014DD2F /* Hypatia_Cocoa_Test */,
			);
		};
/* End PBXProject section */

/* Begin PBXResourcesBuildPhase section */
		62660547163B77760014DD2F /* Resources */ = {
			isa = PBXResourcesBuildPhase;
			buildActionMask = 2147483647;
			files = (
				62660559163B77760014DD2F /* InfoPlist.strings in Resources */,
			);
			runOnlyForDeploymentPostprocessing = 0;
		};
/* End PBXResourcesBuildPhase section */

/* Begin PBXShellScriptBuildPhase section */
		62660548163B77760014DD2F /* ShellScript */ = {
			isa = PBXShellScriptBuildPhase;
			buildActionMask = 2147483647;
			files = (
			);
			inputPaths = (
			);
			outputPaths = (
			);
			runOnlyForDeploymentPostprocessing = 0;
			shellPath = /bin/sh;
			shellScript = "# Run the unit tests in this test bundle.\n\"${SYSTEM_DEVELOPER_DIR}/Tools/RunUnitTests\"\n";
		};
/* End PBXShellScriptBuildPhase section */

/* Begin PBXSourcesBuildPhase section */
		53A9BEDA16267CE2003F5372 /* Sources */ = {
			isa = PBXSourcesBuildPhase;
			buildActionMask = 2147483647;
			files = (
				6266053C163B76070014DD2F /* IServerFactory.cpp in Sources */,
				6266053D163B76070014DD2F /* main.cpp in Sources */,
				6266053E163B76070014DD2F /* PluginHandler.cpp in Sources */,
				6266053F163B76070014DD2F /* PluginManager.cpp in Sources */,
				62660540163B76070014DD2F /* ServerConfiguration.cpp in Sources */,
				62660541163B76070014DD2F /* ServerInstance.cpp in Sources */,
				62660542163B76070014DD2F /* ServerInstanceStub.cpp in Sources */,
				62660543163B76070014DD2F /* ServerManager.cpp in Sources */,
				53A119A3163A2672009CD55D /* PlainSettingReader.cpp in Sources */,
			);
			runOnlyForDeploymentPostprocessing = 0;
		};
		62660545163B77760014DD2F /* Sources */ = {
			isa = PBXSourcesBuildPhase;
			buildActionMask = 2147483647;
			files = (
				62660561163B77870014DD2F /* IServerFactory.cpp in Sources */,
				62660562163B77870014DD2F /* PluginHandler.cpp in Sources */,
				62660563163B77870014DD2F /* PluginManager.cpp in Sources */,
				62660564163B77870014DD2F /* ServerConfiguration.cpp in Sources */,
				62660565163B77870014DD2F /* ServerInstance.cpp in Sources */,
				62660566163B77870014DD2F /* ServerInstanceStub.cpp in Sources */,
				62660567163B77870014DD2F /* ServerManager.cpp in Sources */,
				62660568163B77870014DD2F /* PlainSettingReader.cpp in Sources */,
				6266055C163B77760014DD2F /* Hypatia_Cocoa_Test.mm in Sources */,
			);
			runOnlyForDeploymentPostprocessing = 0;
		};
/* End PBXSourcesBuildPhase section */

/* Begin PBXVariantGroup section */
		62660557163B77760014DD2F /* InfoPlist.strings */ = {
			isa = PBXVariantGroup;
			children = (
				62660558163B77760014DD2F /* en */,
			);
			name = InfoPlist.strings;
			sourceTree = "<group>";
		};
/* End PBXVariantGroup section */

/* Begin XCBuildConfiguration section */
		53A9BEE616267CE2003F5372 /* Debug */ = {
			isa = XCBuildConfiguration;
			buildSettings = {
				ALWAYS_SEARCH_USER_PATHS = NO;
				ARCHS = "$(ARCHS_STANDARD_64_BIT)";
				CLANG_CXX_LANGUAGE_STANDARD = "gnu++0x";
				CLANG_CXX_LIBRARY = "libc++";
				CLANG_ENABLE_OBJC_ARC = YES;
				CLANG_WARN_EMPTY_BODY = YES;
				CLANG_WARN__DUPLICATE_METHOD_MATCH = YES;
				COPY_PHASE_STRIP = NO;
				GCC_C_LANGUAGE_STANDARD = gnu99;
				GCC_DYNAMIC_NO_PIC = NO;
				GCC_ENABLE_OBJC_EXCEPTIONS = YES;
				GCC_OPTIMIZATION_LEVEL = 0;
				GCC_PREPROCESSOR_DEFINITIONS = (
					"DEBUG=1",
					"$(inherited)",
				);
				GCC_SYMBOLS_PRIVATE_EXTERN = NO;
				GCC_WARN_64_TO_32_BIT_CONVERSION = YES;
				GCC_WARN_ABOUT_RETURN_TYPE = YES;
				GCC_WARN_UNINITIALIZED_AUTOS = YES;
				GCC_WARN_UNUSED_VARIABLE = YES;
				MACOSX_DEPLOYMENT_TARGET = 10.8;
				ONLY_ACTIVE_ARCH = YES;
				SDKROOT = macosx;
			};
			name = Debug;
		};
		53A9BEE716267CE2003F5372 /* Release */ = {
			isa = XCBuildConfiguration;
			buildSettings = {
				ALWAYS_SEARCH_USER_PATHS = NO;
				ARCHS = "$(ARCHS_STANDARD_64_BIT)";
				CLANG_CXX_LANGUAGE_STANDARD = "gnu++0x";
				CLANG_CXX_LIBRARY = "libc++";
				CLANG_ENABLE_OBJC_ARC = YES;
				CLANG_WARN_EMPTY_BODY = YES;
				CLANG_WARN__DUPLICATE_METHOD_MATCH = YES;
				COPY_PHASE_STRIP = YES;
				DEBUG_INFORMATION_FORMAT = "dwarf-with-dsym";
				GCC_C_LANGUAGE_STANDARD = gnu99;
				GCC_ENABLE_OBJC_EXCEPTIONS = YES;
				GCC_WARN_64_TO_32_BIT_CONVERSION = YES;
				GCC_WARN_ABOUT_RETURN_TYPE = YES;
				GCC_WARN_UNINITIALIZED_AUTOS = YES;
				GCC_WARN_UNUSED_VARIABLE = YES;
				MACOSX_DEPLOYMENT_TARGET = 10.8;
				SDKROOT = macosx;
			};
			name = Release;
		};
		53A9BEE916267CE2003F5372 /* Debug */ = {
			isa = XCBuildConfiguration;
			buildSettings = {
				HEADER_SEARCH_PATHS = "\"$(SRCROOT)/loki-0.1.7/include\"/**";
				PRODUCT_NAME = Hypatia;
			};
			name = Debug;
		};
		53A9BEEA16267CE2003F5372 /* Release */ = {
			isa = XCBuildConfiguration;
			buildSettings = {
				HEADER_SEARCH_PATHS = "\"$(SRCROOT)/loki-0.1.7/include\"/**";
				PRODUCT_NAME = Hypatia;
			};
			name = Release;
		};
		6266055F163B77760014DD2F /* Debug */ = {
			isa = XCBuildConfiguration;
			buildSettings = {
				COMBINE_HIDPI_IMAGES = YES;
				FRAMEWORK_SEARCH_PATHS = "\"$(DEVELOPER_LIBRARY_DIR)/Frameworks\"";
				GCC_PRECOMPILE_PREFIX_HEADER = YES;
				GCC_PREFIX_HEADER = "Hypatia_Cocoa_Test/Hypatia_Cocoa_Test-Prefix.pch";
				INFOPLIST_FILE = "Hypatia_Cocoa_Test/Hypatia_Cocoa_Test-Info.plist";
				PRODUCT_NAME = "$(TARGET_NAME)";
				WRAPPER_EXTENSION = octest;
			};
			name = Debug;
		};
		62660560163B77760014DD2F /* Release */ = {
			isa = XCBuildConfiguration;
			buildSettings = {
				COMBINE_HIDPI_IMAGES = YES;
				FRAMEWORK_SEARCH_PATHS = "\"$(DEVELOPER_LIBRARY_DIR)/Frameworks\"";
				GCC_PRECOMPILE_PREFIX_HEADER = YES;
				GCC_PREFIX_HEADER = "Hypatia_Cocoa_Test/Hypatia_Cocoa_Test-Prefix.pch";
				INFOPLIST_FILE = "Hypatia_Cocoa_Test/Hypatia_Cocoa_Test-Info.plist";
				PRODUCT_NAME = "$(TARGET_NAME)";
				WRAPPER_EXTENSION = octest;
			};
			name = Release;
		};
/* End XCBuildConfiguration section */

/* Begin XCConfigurationList section */
		53A9BED816267CE2003F5372 /* Build configuration list for PBXProject "Hypatia" */ = {
			isa = XCConfigurationList;
			buildConfigurations = (
				53A9BEE616267CE2003F5372 /* Debug */,
				53A9BEE716267CE2003F5372 /* Release */,
			);
			defaultConfigurationIsVisible = 0;
			defaultConfigurationName = Release;
		};
		53A9BEE816267CE2003F5372 /* Build configuration list for PBXNativeTarget "Hypatia" */ = {
			isa = XCConfigurationList;
			buildConfigurations = (
				53A9BEE916267CE2003F5372 /* Debug */,
				53A9BEEA16267CE2003F5372 /* Release */,
			);
			defaultConfigurationIsVisible = 0;
			defaultConfigurationName = Release;
		};
		6266055E163B77760014DD2F /* Build configuration list for PBXNativeTarget "Hypatia_Cocoa_Test" */ = {
			isa = XCConfigurationList;
			buildConfigurations = (
				6266055F163B77760014DD2F /* Debug */,
				62660560163B77760014DD2F /* Release */,
			);
			defaultConfigurationIsVisible = 0;
		};
/* End XCConfigurationList section */
	};
	rootObject = 53A9BED516267CE2003F5372 /* Project object */;
}
